
Microsoft Visual Studio Solution File, Format Version 12.00
Project("{FAE04EC0-301F-11D3-BF4B-00C04F79EFBC}") = "Platy.AdventureWorks.RestApi", "src\Platy.AdventureWorks.RestApi\Platy.AdventureWorks.RestApi.csproj", "{D9E19D45-163C-4C72-BD4A-4AF9FC46F5D9}"
EndProject
Project("{2150E333-8FDC-42A3-9474-1A3956D46DE8}") = "src", "src", "{F69B54C0-5FA2-4270-87FA-58E9A92A49FC}"
EndProject
Project("{2150E333-8FDC-42A3-9474-1A3956D46DE8}") = "Solution Items", "Solution Items", "{6E2A8B12-5C57-4D90-A5AD-D1339CB6E9A5}"
	ProjectSection(SolutionItems) = preProject
		.editorconfig = .editorconfig
		.gitattributes = .gitattributes
		.gitignore = .gitignore
		Directory.Build.props = Directory.Build.props
		Directory.Packages.props = Directory.Packages.props
		LICENSE = LICENSE
		README.md = README.md
		.github\workflows\ci.yml = .github\workflows\ci.yml
		.github\workflows\publish.yml = .github\workflows\publish.yml
	EndProjectSection
EndProject
Project("{2150E333-8FDC-42A3-9474-1A3956D46DE8}") = "tests", "tests", "{80566CDF-FC04-4775-88A1-D3068B5A3E4E}"
EndProject
Project("{FAE04EC0-301F-11D3-BF4B-00C04F79EFBC}") = "Platy.AdventureWorks.RestApi.Tests.Unit", "tests\Platy.AdventureWorks.RestApi.Tests.Unit\Platy.AdventureWorks.RestApi.Tests.Unit.csproj", "{99570402-C8BD-4A8B-BF19-ECE6937306FD}"
EndProject
Project("{FAE04EC0-301F-11D3-BF4B-00C04F79EFBC}") = "Platy.AdventureWorks.Logging", "src\Platy.AdventureWorks.Logging\Platy.AdventureWorks.Logging.csproj", "{EF1BBC2B-D83C-4BC9-AF7A-E1B3A624CC81}"
EndProject
Project("{FAE04EC0-301F-11D3-BF4B-00C04F79EFBC}") = "Platy.AdventureWorks.RestApi.AppHost", "Platy.AdventureWorks.RestApi.AppHost\Platy.AdventureWorks.RestApi.AppHost.csproj", "{624B6BC3-11E9-4D48-8B1E-9AD235929C53}"
EndProject
Project("{FAE04EC0-301F-11D3-BF4B-00C04F79EFBC}") = "Platy.AdventureWorks.RestApi.ServiceDefaults", "Platy.AdventureWorks.RestApi.ServiceDefaults\Platy.AdventureWorks.RestApi.ServiceDefaults.csproj", "{F5A143D4-0A49-45F0-B8E4-0CEEB9DCA65F}"
EndProject
Project("{FAE04EC0-301F-11D3-BF4B-00C04F79EFBC}") = "Platy.AdventureWorks.RestApi.Tests.Integration", "tests\Platy.AdventureWorks.RestApi.Tests.Integration\Platy.AdventureWorks.RestApi.Tests.Integration.csproj", "{2F3885B9-B3F3-4B6F-A5B4-921D63AC4394}"
EndProject
Global
	GlobalSection(SolutionConfigurationPlatforms) = preSolution
		Debug|Any CPU = Debug|Any CPU
		Release|Any CPU = Release|Any CPU
	EndGlobalSection
	GlobalSection(ProjectConfigurationPlatforms) = postSolution
		{D9E19D45-163C-4C72-BD4A-4AF9FC46F5D9}.Debug|Any CPU.ActiveCfg = Debug|Any CPU
		{D9E19D45-163C-4C72-BD4A-4AF9FC46F5D9}.Debug|Any CPU.Build.0 = Debug|Any CPU
		{D9E19D45-163C-4C72-BD4A-4AF9FC46F5D9}.Release|Any CPU.ActiveCfg = Release|Any CPU
		{D9E19D45-163C-4C72-BD4A-4AF9FC46F5D9}.Release|Any CPU.Build.0 = Release|Any CPU
		{99570402-C8BD-4A8B-BF19-ECE6937306FD}.Debug|Any CPU.ActiveCfg = Debug|Any CPU
		{99570402-C8BD-4A8B-BF19-ECE6937306FD}.Debug|Any CPU.Build.0 = Debug|Any CPU
		{99570402-C8BD-4A8B-BF19-ECE6937306FD}.Release|Any CPU.ActiveCfg = Release|Any CPU
		{99570402-C8BD-4A8B-BF19-ECE6937306FD}.Release|Any CPU.Build.0 = Release|Any CPU
		{EF1BBC2B-D83C-4BC9-AF7A-E1B3A624CC81}.Debug|Any CPU.ActiveCfg = Debug|Any CPU
		{EF1BBC2B-D83C-4BC9-AF7A-E1B3A624CC81}.Debug|Any CPU.Build.0 = Debug|Any CPU
		{EF1BBC2B-D83C-4BC9-AF7A-E1B3A624CC81}.Release|Any CPU.ActiveCfg = Release|Any CPU
		{EF1BBC2B-D83C-4BC9-AF7A-E1B3A624CC81}.Release|Any CPU.Build.0 = Release|Any CPU
		{624B6BC3-11E9-4D48-8B1E-9AD235929C53}.Debug|Any CPU.ActiveCfg = Debug|Any CPU
		{624B6BC3-11E9-4D48-8B1E-9AD235929C53}.Debug|Any CPU.Build.0 = Debug|Any CPU
		{624B6BC3-11E9-4D48-8B1E-9AD235929C53}.Release|Any CPU.ActiveCfg = Release|Any CPU
		{624B6BC3-11E9-4D48-8B1E-9AD235929C53}.Release|Any CPU.Build.0 = Release|Any CPU
		{F5A143D4-0A49-45F0-B8E4-0CEEB9DCA65F}.Debug|Any CPU.ActiveCfg = Debug|Any CPU
		{F5A143D4-0A49-45F0-B8E4-0CEEB9DCA65F}.Debug|Any CPU.Build.0 = Debug|Any CPU
		{F5A143D4-0A49-45F0-B8E4-0CEEB9DCA65F}.Release|Any CPU.ActiveCfg = Release|Any CPU
		{F5A143D4-0A49-45F0-B8E4-0CEEB9DCA65F}.Release|Any CPU.Build.0 = Release|Any CPU
		{2F3885B9-B3F3-4B6F-A5B4-921D63AC4394}.Debug|Any CPU.ActiveCfg = Debug|Any CPU
		{2F3885B9-B3F3-4B6F-A5B4-921D63AC4394}.Debug|Any CPU.Build.0 = Debug|Any CPU
		{2F3885B9-B3F3-4B6F-A5B4-921D63AC4394}.Release|Any CPU.ActiveCfg = Release|Any CPU
		{2F3885B9-B3F3-4B6F-A5B4-921D63AC4394}.Release|Any CPU.Build.0 = Release|Any CPU
	EndGlobalSection
	GlobalSection(NestedProjects) = preSolution
		{D9E19D45-163C-4C72-BD4A-4AF9FC46F5D9} = {F69B54C0-5FA2-4270-87FA-58E9A92A49FC}
		{99570402-C8BD-4A8B-BF19-ECE6937306FD} = {80566CDF-FC04-4775-88A1-D3068B5A3E4E}
		{EF1BBC2B-D83C-4BC9-AF7A-E1B3A624CC81} = {F69B54C0-5FA2-4270-87FA-58E9A92A49FC}
		{624B6BC3-11E9-4D48-8B1E-9AD235929C53} = {F69B54C0-5FA2-4270-87FA-58E9A92A49FC}
		{F5A143D4-0A49-45F0-B8E4-0CEEB9DCA65F} = {F69B54C0-5FA2-4270-87FA-58E9A92A49FC}
		{2F3885B9-B3F3-4B6F-A5B4-921D63AC4394} = {80566CDF-FC04-4775-88A1-D3068B5A3E4E}
	EndGlobalSection
EndGlobal
